
Microsoft Visual Studio Solution File, Format Version 12.00
# Visual Studio Version 17
VisualStudioVersion = 17.0.31912.275
MinimumVisualStudioVersion = 10.0.40219.1
Project("{FAE04EC0-301F-11D3-BF4B-00C04F79EFBC}") = "LabTask08", "LabTask08.csproj", "{9C9AF443-03F6-438C-9FD6-3D69656AD9FA}"
EndProject
Global
	GlobalSection(SolutionConfigurationPlatforms) = preSolution
		Debug|Any CPU = Debug|Any CPU
		Release|Any CPU = Release|Any CPU
	EndGlobalSection
	GlobalSection(ProjectConfigurationPlatforms) = postSolution
		{9C9AF443-03F6-438C-9FD6-3D69656AD9FA}.Debug|Any CPU.ActiveCfg = Debug|Any CPU
		{9C9AF443-03F6-438C-9FD6-3D69656AD9FA}.Debug|Any CPU.Build.0 = Debug|Any CPU
		{9C9AF443-03F6-438C-9FD6-3D69656AD9FA}.Release|Any CPU.ActiveCfg = Release|Any CPU
		{9C9AF443-03F6-438C-9FD6-3D69656AD9FA}.Release|Any CPU.Build.0 = Release|Any CPU
	EndGlobalSection
	GlobalSection(SolutionProperties) = preSolution
		HideSolutionNode = FALSE
	EndGlobalSection
	GlobalSection(ExtensibilityGlobals) = postSolution
		SolutionGuid = {E20BFE57-407E-46C5-A13D-313C57A7AB9E}
	EndGlobalSection
EndGlobal
